
Microsoft Visual Studio Solution File, Format Version 12.00
# Visual Studio Version 16
VisualStudioVersion = 16.0.30225.117
MinimumVisualStudioVersion = 10.0.40219.1
Project("{8BC9CEB8-8B4A-11D0-8D11-00A0C91BC942}") = "Graphs", "Graphs\Graphs.vcxproj", "{E4B3DA50-4601-4110-B9A3-D5CCE838FF8B}"
EndProject
Project("{8BC9CEB8-8B4A-11D0-8D11-00A0C91BC942}") = "GraphTests1", "GraphTests1\GraphTests1.vcxproj", "{483C03FF-9E04-4AD4-A611-D611735EFD68}"
EndProject
Project("{8BC9CEB8-8B4A-11D0-8D11-00A0C91BC942}") = "VertexTest1", "VertexTest1\VertexTest1.vcxproj", "{757548DE-2EC9-4D50-9396-5E6E975C327D}"
EndProject
Global
	GlobalSection(SolutionConfigurationPlatforms) = preSolution
		Debug|x64 = Debug|x64
		Debug|x86 = Debug|x86
		Release|x64 = Release|x64
		Release|x86 = Release|x86
	EndGlobalSection
	GlobalSection(ProjectConfigurationPlatforms) = postSolution
		{E4B3DA50-4601-4110-B9A3-D5CCE838FF8B}.Debug|x64.ActiveCfg = Debug|x64
		{E4B3DA50-4601-4110-B9A3-D5CCE838FF8B}.Debug|x64.Build.0 = Debug|x64
		{E4B3DA50-4601-4110-B9A3-D5CCE838FF8B}.Debug|x86.ActiveCfg = Debug|Win32
		{E4B3DA50-4601-4110-B9A3-D5CCE838FF8B}.Debug|x86.Build.0 = Debug|Win32
		{E4B3DA50-4601-4110-B9A3-D5CCE838FF8B}.Release|x64.ActiveCfg = Release|x64
		{E4B3DA50-4601-4110-B9A3-D5CCE838FF8B}.Release|x64.Build.0 = Release|x64
		{E4B3DA50-4601-4110-B9A3-D5CCE838FF8B}.Release|x86.ActiveCfg = Release|Win32
		{E4B3DA50-4601-4110-B9A3-D5CCE838FF8B}.Release|x86.Build.0 = Release|Win32
		{483C03FF-9E04-4AD4-A611-D611735EFD68}.Debug|x64.ActiveCfg = Debug|x64
		{483C03FF-9E04-4AD4-A611-D611735EFD68}.Debug|x64.Build.0 = Debug|x64
		{483C03FF-9E04-4AD4-A611-D611735EFD68}.Debug|x86.ActiveCfg = Debug|Win32
		{483C03FF-9E04-4AD4-A611-D611735EFD68}.Debug|x86.Build.0 = Debug|Win32
		{483C03FF-9E04-4AD4-A611-D611735EFD68}.Release|x64.ActiveCfg = Release|x64
		{483C03FF-9E04-4AD4-A611-D611735EFD68}.Release|x64.Build.0 = Release|x64
		{483C03FF-9E04-4AD4-A611-D611735EFD68}.Release|x86.ActiveCfg = Release|Win32
		{483C03FF-9E04-4AD4-A611-D611735EFD68}.Release|x86.Build.0 = Release|Win32
		{757548DE-2EC9-4D50-9396-5E6E975C327D}.Debug|x64.ActiveCfg = Debug|x64
		{757548DE-2EC9-4D50-9396-5E6E975C327D}.Debug|x64.Build.0 = Debug|x64
		{757548DE-2EC9-4D50-9396-5E6E975C327D}.Debug|x86.ActiveCfg = Debug|Win32
		{757548DE-2EC9-4D50-9396-5E6E975C327D}.Debug|x86.Build.0 = Debug|Win32
		{757548DE-2EC9-4D50-9396-5E6E975C327D}.Release|x64.ActiveCfg = Release|x64
		{757548DE-2EC9-4D50-9396-5E6E975C327D}.Release|x64.Build.0 = Release|x64
		{757548DE-2EC9-4D50-9396-5E6E975C327D}.Release|x86.ActiveCfg = Release|Win32
		{757548DE-2EC9-4D50-9396-5E6E975C327D}.Release|x86.Build.0 = Release|Win32
	EndGlobalSection
	GlobalSection(SolutionProperties) = preSolution
		HideSolutionNode = FALSE
	EndGlobalSection
	GlobalSection(ExtensibilityGlobals) = postSolution
		SolutionGuid = {D16D3FEF-647D-418C-B461-FE17057378FF}
	EndGlobalSection
EndGlobal
